
Microsoft Visual Studio Solution File, Format Version 12.00
# Visual Studio Version 17
VisualStudioVersion = 17.5.33318.248
MinimumVisualStudioVersion = 10.0.40219.1
Project("{9A19103F-16F7-4668-BE54-9A1E7A4F7556}") = "Whisper.Demo", "Whisper.net.Demo\Whisper.Demo.csproj", "{C1C29732-1BC2-477D-A116-C5003E1D0C85}"
EndProject
Project("{2150E333-8FDC-42A3-9474-1A3956D46DE8}") = "{root}", "{root}", "{2C8F58A8-37D9-4E96-AE73-B3B37AEC10C1}"
	ProjectSection(SolutionItems) = preProject
		.editorconfig = .editorconfig
		readme.md = readme.md
	EndProjectSection
EndProject
Project("{9A19103F-16F7-4668-BE54-9A1E7A4F7556}") = "Whisper.Lib", "Whisper.net\Whisper.Lib.csproj", "{5D1F57EB-AF79-419C-8DCB-E23F7BEC3E8C}"
EndProject
Project("{9A19103F-16F7-4668-BE54-9A1E7A4F7556}") = "Whisper.Tests", "Whisper.net.Tests\Whisper.Tests.csproj", "{333764F7-81DC-4425-AF5C-B438D973EE13}"
EndProject
Project("{2150E333-8FDC-42A3-9474-1A3956D46DE8}") = "github", "github", "{5C865649-4AED-4BBF-A7CA-BD68D21EF48F}"
	ProjectSection(SolutionItems) = preProject
		.github\workflows\android-native-build.yaml = .github\workflows\android-native-build.yaml
		.github\workflows\dotnet.yml = .github\workflows\dotnet.yml
		.github\workflows\linux-native-build.yml = .github\workflows\linux-native-build.yml
		.github\workflows\macos-native-build.yaml = .github\workflows\macos-native-build.yaml
		.github\workflows\wasm-native-build.yaml = .github\workflows\wasm-native-build.yaml
		.github\workflows\windows-native-build.yml = .github\workflows\windows-native-build.yml
	EndProjectSection
EndProject
Project("{2150E333-8FDC-42A3-9474-1A3956D46DE8}") = "scripts", "scripts", "{52C6C243-3BD7-41CF-A0B0-1DE31AC2C884}"
	ProjectSection(SolutionItems) = preProject
		scripts\build-linux.ps1 = scripts\build-linux.ps1
		scripts\build-osx.ps1 = scripts\build-osx.ps1
		scripts\build-windows.ps1 = scripts\build-windows.ps1
	EndProjectSection
EndProject
Project("{8BC9CEB8-8B4A-11D0-8D11-00A0C91BC942}") = "whisper", "whisper.cpp\.build\tasks\whisper.vcxproj", "{E7483BE7-8E7B-3A69-9A89-1324982091E6}"
EndProject
Project("{2150E333-8FDC-42A3-9474-1A3956D46DE8}") = "native", "native", "{AE43F2AB-2F7B-45A8-A445-3C17D1ABD302}"
EndProject
Project("{2150E333-8FDC-42A3-9474-1A3956D46DE8}") = "dotnet", "dotnet", "{337D1383-836F-44F3-979E-4441C81FDF8F}"
EndProject
Global
	GlobalSection(SolutionConfigurationPlatforms) = preSolution
		Debug|x64 = Debug|x64
		Release|x64 = Release|x64
		RelWithDebInfo|x64 = RelWithDebInfo|x64
	EndGlobalSection
	GlobalSection(ProjectConfigurationPlatforms) = postSolution
		{C1C29732-1BC2-477D-A116-C5003E1D0C85}.Debug|x64.ActiveCfg = Debug|x64
		{C1C29732-1BC2-477D-A116-C5003E1D0C85}.Debug|x64.Build.0 = Debug|x64
		{C1C29732-1BC2-477D-A116-C5003E1D0C85}.Release|x64.ActiveCfg = Release|x64
		{C1C29732-1BC2-477D-A116-C5003E1D0C85}.Release|x64.Build.0 = Release|x64
		{C1C29732-1BC2-477D-A116-C5003E1D0C85}.RelWithDebInfo|x64.ActiveCfg = Release|x64
		{C1C29732-1BC2-477D-A116-C5003E1D0C85}.RelWithDebInfo|x64.Build.0 = Release|x64
		{5D1F57EB-AF79-419C-8DCB-E23F7BEC3E8C}.Debug|x64.ActiveCfg = Debug|x64
		{5D1F57EB-AF79-419C-8DCB-E23F7BEC3E8C}.Debug|x64.Build.0 = Debug|x64
		{5D1F57EB-AF79-419C-8DCB-E23F7BEC3E8C}.Release|x64.ActiveCfg = Release|x64
		{5D1F57EB-AF79-419C-8DCB-E23F7BEC3E8C}.Release|x64.Build.0 = Release|x64
		{5D1F57EB-AF79-419C-8DCB-E23F7BEC3E8C}.RelWithDebInfo|x64.ActiveCfg = Release|x64
		{5D1F57EB-AF79-419C-8DCB-E23F7BEC3E8C}.RelWithDebInfo|x64.Build.0 = Release|x64
		{333764F7-81DC-4425-AF5C-B438D973EE13}.Debug|x64.ActiveCfg = Debug|x64
		{333764F7-81DC-4425-AF5C-B438D973EE13}.Debug|x64.Build.0 = Debug|x64
		{333764F7-81DC-4425-AF5C-B438D973EE13}.Release|x64.ActiveCfg = Release|x64
		{333764F7-81DC-4425-AF5C-B438D973EE13}.Release|x64.Build.0 = Release|x64
		{333764F7-81DC-4425-AF5C-B438D973EE13}.RelWithDebInfo|x64.ActiveCfg = Release|x64
		{333764F7-81DC-4425-AF5C-B438D973EE13}.RelWithDebInfo|x64.Build.0 = Release|x64
		{E7483BE7-8E7B-3A69-9A89-1324982091E6}.Debug|x64.ActiveCfg = Debug|x64
		{E7483BE7-8E7B-3A69-9A89-1324982091E6}.Debug|x64.Build.0 = Debug|x64
		{E7483BE7-8E7B-3A69-9A89-1324982091E6}.Release|x64.ActiveCfg = Release|x64
		{E7483BE7-8E7B-3A69-9A89-1324982091E6}.Release|x64.Build.0 = Release|x64
		{E7483BE7-8E7B-3A69-9A89-1324982091E6}.RelWithDebInfo|x64.ActiveCfg = RelWithDebInfo|x64
		{E7483BE7-8E7B-3A69-9A89-1324982091E6}.RelWithDebInfo|x64.Build.0 = RelWithDebInfo|x64
	EndGlobalSection
	GlobalSection(SolutionProperties) = preSolution
		HideSolutionNode = FALSE
	EndGlobalSection
	GlobalSection(NestedProjects) = preSolution
		{C1C29732-1BC2-477D-A116-C5003E1D0C85} = {337D1383-836F-44F3-979E-4441C81FDF8F}
		{5D1F57EB-AF79-419C-8DCB-E23F7BEC3E8C} = {337D1383-836F-44F3-979E-4441C81FDF8F}
		{333764F7-81DC-4425-AF5C-B438D973EE13} = {337D1383-836F-44F3-979E-4441C81FDF8F}
		{5C865649-4AED-4BBF-A7CA-BD68D21EF48F} = {2C8F58A8-37D9-4E96-AE73-B3B37AEC10C1}
		{52C6C243-3BD7-41CF-A0B0-1DE31AC2C884} = {2C8F58A8-37D9-4E96-AE73-B3B37AEC10C1}
		{E7483BE7-8E7B-3A69-9A89-1324982091E6} = {AE43F2AB-2F7B-45A8-A445-3C17D1ABD302}
	EndGlobalSection
	GlobalSection(ExtensibilityGlobals) = postSolution
		SolutionGuid = {F5CAA926-1B7D-3A67-9130-E6EFE3E9DFD9}
	EndGlobalSection
EndGlobal
